GEM
  remote: https://rubygems.org/
  specs:
    addressable (2.8.9)
      public_suffix (>= 2.0.2, < 8.0)
    archive-zip (0.13.1)
      io-like (~> 0.4.0)
    drb (2.2.3)
    epub-cfi (0.1.4)
      racc
    epub-parser (0.5.0)
      addressable (>= 2.3.5)
      archive-zip (>= 0.13.0)
      epub-cfi
      rchardet (>= 1.6.1)
      rexml
    io-like (0.4.0)
    minitest (6.0.2)
      drb (~> 2.0)
      prism (~> 1.5)
    prism (1.9.0)
    public_suffix (7.0.5)
    racc (1.8.1)
    rchardet (1.10.0)
    rexml (3.4.4)

PLATFORMS
  arm64-darwin-25
  ruby

DEPENDENCIES
  epub-parser
  minitest

BUNDLED WITH
   2.6.9
